
Microsoft Visual Studio Solution File, Format Version 12.00
# Visual Studio Version 16
VisualStudioVersion = 16.0.31702.278
MinimumVisualStudioVersion = 10.0.40219.1
Project("{FAE04EC0-301F-11D3-BF4B-00C04F79EFBC}") = "Operatorler", "Operatorler\Operatorler.csproj", "{98B25B20-B314-4F15-B508-D6AA482CA784}"
EndProject
Global
	GlobalSection(SolutionConfigurationPlatforms) = preSolution
		Debug|Any CPU = Debug|Any CPU
		Release|Any CPU = Release|Any CPU
	EndGlobalSection
	GlobalSection(ProjectConfigurationPlatforms) = postSolution
		{98B25B20-B314-4F15-B508-D6AA482CA784}.Debug|Any CPU.ActiveCfg = Debug|Any CPU
		{98B25B20-B314-4F15-B508-D6AA482CA784}.Debug|Any CPU.Build.0 = Debug|Any CPU
		{98B25B20-B314-4F15-B508-D6AA482CA784}.Release|Any CPU.ActiveCfg = Release|Any CPU
		{98B25B20-B314-4F15-B508-D6AA482CA784}.Release|Any CPU.Build.0 = Release|Any CPU
	EndGlobalSection
	GlobalSection(SolutionProperties) = preSolution
		HideSolutionNode = FALSE
	EndGlobalSection
	GlobalSection(ExtensibilityGlobals) = postSolution
		SolutionGuid = {1AA54E55-9B5E-4EEC-9D13-C070F6AEEF90}
	EndGlobalSection
EndGlobal
